{
  "name": "TangerineLamp",
  "lockfileVersion": 3,
  "requires": true,
  "packages": {
    "": {
      "dependencies": {
        "@vant/weapp": "^1.11.2",
        "lucide": "^0.312.0"
      }
    },
    "node_modules/@vant/weapp": {
      "version": "1.11.2",
      "resolved": "https://registry.npmjs.org/@vant/weapp/-/weapp-1.11.2.tgz",
      "integrity": "sha512-NlZQEW4ijxD1GAmTY0dz2mEw0KWff9DSi5k5WGl1YS19qGp1l3BssID/uBnzrC82HjWH/Sb5V9+r7/YEcfnBPQ=="
    },
    "node_modules/lucide": {
      "version": "0.312.0",
      "resolved": "https://registry.npmjs.org/lucide/-/lucide-0.312.0.tgz",
      "integrity": "sha512-55fRrT/HuYDJqhLEfxmbIT91GiYNg8eB2tnPrI3gsFgHMgCAMXpPSYl9YYffQUz4t2OreO1SLn74JWTLr9J43A=="
    }
  }
}
